// !$*UTF8*$!
{
	archiveVersion = 1;
	classes = {
	};
	objectVersion = 46;
	objects = {

/* Begin PBXBuildFile section */
		027180E51D22465000668BDF /* main.m in Sources */ = {isa = PBXBuildFile; fileRef = 027180E41D22465000668BDF /* main.m */; };
		027180E81D22465000668BDF /* AppDelegate.m in Sources */ = {isa = PBXBuildFile; fileRef = 027180E71D22465000668BDF /* AppDelegate.m */; };
		027180EB1D22465000668BDF /* ViewController.m in Sources */ = {isa = PBXBuildFile; fileRef = 027180EA1D22465000668BDF /* ViewController.m */; };
		027180EE1D22465000668BDF /* Main.storyboard in Resources */ = {isa = PBXBuildFile; fileRef = 027180EC1D22465000668BDF /* Main.storyboard */; };
		027180F01D22465000668BDF /* Assets.xcassets in Resources */ = {isa = PBXBuildFile; fileRef = 027180EF1D22465000668BDF /* Assets.xcassets */; };
		027180F31D22465000668BDF /* LaunchScreen.storyboard in Resources */ = {isa = PBXBuildFile; fileRef = 027180F11D22465000668BDF /* LaunchScreen.storyboard */; };
		027180FE1D22465000668BDF /* MVVMWithRACDemoTests.m in Sources */ = {isa = PBXBuildFile; fileRef = 027180FD1D22465000668BDF /* MVVMWithRACDemoTests.m */; };
		027181091D22465000668BDF /* MVVMWithRACDemoUITests.m in Sources */ = {isa = PBXBuildFile; fileRef = 027181081D22465000668BDF /* MVVMWithRACDemoUITests.m */; };
		2A217ACB6B302A207AE09265 /* libPods-MVVMWithRACDemo.a in Frameworks */ = {isa = PBXBuildFile; fileRef = 2F5843BA0AD112C919DAC10E /* libPods-MVVMWithRACDemo.a */; };
/* End PBXBuildFile section */

/* Begin PBXContainerItemProxy section */
		027180FA1D22465000668BDF /* PBXContainerItemProxy */ = {
			isa = PBXContainerItemProxy;
			containerPortal = 027180D81D22465000668BDF /* Project object */;
			proxyType = 1;
			remoteGlobalIDString = 027180DF1D22465000668BDF;
			remoteInfo = MVVMWithRACDemo;
		};
		027181051D22465000668BDF /* PBXContainerItemProxy */ = {
			isa = PBXContainerItemProxy;
			containerPortal = 027180D81D22465000668BDF /* Project object */;
			proxyType = 1;
			remoteGlobalIDString = 027180DF1D22465000668BDF;
			remoteInfo = MVVMWithRACDemo;
		};
/* End PBXContainerItemProxy section */

/* Begin PBXFileReference section */
		027180E01D22465000668BDF /* MVVMWithRACDemo.app */ = {isa = PBXFileReference; explicitFileType = wrapper.application; includeInIndex = 0; path = MVVMWithRACDemo.app; sourceTree = BUILT_PRODUCTS_DIR; };
		027180E41D22465000668BDF /* main.m */ = {isa = PBXFileReference; lastKnownFileType = sourcecode.c.objc; path = main.m; sourceTree = "<group>"; };
		027180E61D22465000668BDF /* AppDelegate.h */ = {isa = PBXFileReference; lastKnownFileType = sourcecode.c.h; path = AppDelegate.h; sourceTree = "<group>"; };
		027180E71D22465000668BDF /* AppDelegate.m */ = {isa = PBXFileReference; lastKnownFileType = sourcecode.c.objc; path = AppDelegate.m; sourceTree = "<group>"; };
		027180E91D22465000668BDF /* ViewController.h */ = {isa = PBXFileReference; lastKnownFileType = sourcecode.c.h; path = ViewController.h; sourceTree = "<group>"; };
		027180EA1D22465000668BDF /* ViewController.m */ = {isa = PBXFileReference; lastKnownFileType = sourcecode.c.objc; path = ViewController.m; sourceTree = "<group>"; };
		027180ED1D22465000668BDF /* Base */ = {isa = PBXFileReference; lastKnownFileType = file.storyboard; name = Base; path = Base.lproj/Main.storyboard; sourceTree = "<group>"; };
		027180EF1D22465000668BDF /* Assets.xcassets */ = {isa = PBXFileReference; lastKnownFileType = folder.assetcatalog; path = Assets.xcassets; sourceTree = "<group>"; };
		027180F21D22465000668BDF /* Base */ = {isa = PBXFileReference; lastKnownFileType = file.storyboard; name = Base; path = Base.lproj/LaunchScreen.storyboard; sourceTree = "<group>"; };
		027180F41D22465000668BDF /* Info.plist */ = {isa = PBXFileReference; lastKnownFileType = text.plist.xml; path = Info.plist; sourceTree = "<group>"; };
		027180F91D22465000668BDF /* MVVMWithRACDemoTests.xctest */ = {isa = PBXFileReference; explicitFileType = wrapper.cfbundle; includeInIndex = 0; path = MVVMWithRACDemoTests.xctest; sourceTree = BUILT_PRODUCTS_DIR; };
		027180FD1D22465000668BDF /* MVVMWithRACDemoTests.m */ = {isa = PBXFileReference; lastKnownFileType = sourcecode.c.objc; path = MVVMWithRACDemoTests.m; sourceTree = "<group>"; };
		027180FF1D22465000668BDF /* Info.plist */ = {isa = PBXFileReference; lastKnownFileType = text.plist.xml; path = Info.plist; sourceTree = "<group>"; };
		027181041D22465000668BDF /* MVVMWithRACDemoUITests.xctest */ = {isa = PBXFileReference; explicitFileType = wrapper.cfbundle; includeInIndex = 0; path = MVVMWithRACDemoUITests.xctest; sourceTree = BUILT_PRODUCTS_DIR; };
		027181081D22465000668BDF /* MVVMWithRACDemoUITests.m */ = {isa = PBXFileReference; lastKnownFileType = sourcecode.c.objc; path = MVVMWithRACDemoUITests.m; sourceTree = "<group>"; };
		0271810A1D22465000668BDF /* Info.plist */ = {isa = PBXFileReference; lastKnownFileType = text.plist.xml; path = Info.plist; sourceTree = "<group>"; };
		2F5843BA0AD112C919DAC10E /* libPods-MVVMWithRACDemo.a */ = {isa = PBXFileReference; explicitFileType = archive.ar; includeInIndex = 0; path = "libPods-MVVMWithRACDemo.a"; sourceTree = BUILT_PRODUCTS_DIR; };
		4F782995517FACE2C32320B7 /* Pods-MVVMWithRACDemo.release.xcconfig */ = {isa = PBXFileReference; includeInIndex = 1; lastKnownFileType = text.xcconfig; name = "Pods-MVVMWithRACDemo.release.xcconfig"; path = "Pods/Target Support Files/Pods-MVVMWithRACDemo/Pods-MVVMWithRACDemo.release.xcconfig"; sourceTree = "<group>"; };
		AB41187F862FE86162C6C307 /* Pods-MVVMWithRACDemo.debug.xcconfig */ = {isa = PBXFileReference; includeInIndex = 1; lastKnownFileType = text.xcconfig; name = "Pods-MVVMWithRACDemo.debug.xcconfig"; path = "Pods/Target Support Files/Pods-MVVMWithRACDemo/Pods-MVVMWithRACDemo.debug.xcconfig"; sourceTree = "<group>"; };
/* End PBXFileReference section */

/* Begin PBXFrameworksBuildPhase section */
		027180DD1D22465000668BDF /* Frameworks */ = {
			isa = PBXFrameworksBuildPhase;
			buildActionMask = 2147483647;
			files = (
				2A217ACB6B302A207AE09265 /* libPods-MVVMWithRACDemo.a in Frameworks */,
			);
			runOnlyForDeploymentPostprocessing = 0;
		};
		027180F61D22465000668BDF /* Frameworks */ = {
			isa = PBXFrameworksBuildPhase;
			buildActionMask = 2147483647;
			files = (
			);
			runOnlyForDeploymentPostprocessing = 0;
		};
		027181011D22465000668BDF /* Frameworks */ = {
			isa = PBXFrameworksBuildPhase;
			buildActionMask = 2147483647;
			files = (
			);
			runOnlyForDeploymentPostprocessing = 0;
		};
/* End PBXFrameworksBuildPhase section */

/* Begin PBXGroup section */
		027180D71D22465000668BDF = {
			isa = PBXGroup;
			children = (
				027180E21D22465000668BDF /* MVVMWithRACDemo */,
				027180FC1D22465000668BDF /* MVVMWithRACDemoTests */,
				027181071D22465000668BDF /* MVVMWithRACDemoUITests */,
				027180E11D22465000668BDF /* Products */,
				258DDF00DFA03C3875809F0B /* Pods */,
				39D6EAA15A8312743242149C /* Frameworks */,
			);
			sourceTree = "<group>";
		};
		027180E11D22465000668BDF /* Products */ = {
			isa = PBXGroup;
			children = (
				027180E01D22465000668BDF /* MVVMWithRACDemo.app */,
				027180F91D22465000668BDF /* MVVMWithRACDemoTests.xctest */,
				027181041D22465000668BDF /* MVVMWithRACDemoUITests.xctest */,
			);
			name = Products;
			sourceTree = "<group>";
		};
		027180E21D22465000668BDF /* MVVMWithRACDemo */ = {
			isa = PBXGroup;
			children = (
				027180E61D22465000668BDF /* AppDelegate.h */,
				027180E71D22465000668BDF /* AppDelegate.m */,
				027180E91D22465000668BDF /* ViewController.h */,
				027180EA1D22465000668BDF /* ViewController.m */,
				027180EC1D22465000668BDF /* Main.storyboard */,
				027180EF1D22465000668BDF /* Assets.xcassets */,
				027180F11D22465000668BDF /* LaunchScreen.storyboard */,
				027180F41D22465000668BDF /* Info.plist */,
				027180E31D22465000668BDF /* Supporting Files */,
			);
			path = MVVMWithRACDemo;
			sourceTree = "<group>";
		};
		027180E31D22465000668BDF /* Supporting Files */ = {
			isa = PBXGroup;
			children = (
				027180E41D22465000668BDF /* main.m */,
			);
			name = "Supporting Files";
			sourceTree = "<group>";
		};
		027180FC1D22465000668BDF /* MVVMWithRACDemoTests */ = {
			isa = PBXGroup;
			children = (
				027180FD1D22465000668BDF /* MVVMWithRACDemoTests.m */,
				027180FF1D22465000668BDF /* Info.plist */,
			);
			path = MVVMWithRACDemoTests;
			sourceTree = "<group>";
		};
		027181071D22465000668BDF /* MVVMWithRACDemoUITests */ = {
			isa = PBXGroup;
			children = (
				027181081D22465000668BDF /* MVVMWithRACDemoUITests.m */,
				0271810A1D22465000668BDF /* Info.plist */,
			);
			path = MVVMWithRACDemoUITests;
			sourceTree = "<group>";
		};
		258DDF00DFA03C3875809F0B /* Pods */ = {
			isa = PBXGroup;
			children = (
				AB41187F862FE86162C6C307 /* Pods-MVVMWithRACDemo.debug.xcconfig */,
				4F782995517FACE2C32320B7 /* Pods-MVVMWithRACDemo.release.xcconfig */,
			);
			name = Pods;
			sourceTree = "<group>";
		};
		39D6EAA15A8312743242149C /* Frameworks */ = {
			isa = PBXGroup;
			children = (
				2F5843BA0AD112C919DAC10E /* libPods-MVVMWithRACDemo.a */,
			);
			name = Frameworks;
			sourceTree = "<group>";
		};
/* End PBXGroup section */

/* Begin PBXNativeTarget section */
		027180DF1D22465000668BDF /* MVVMWithRACDemo */ = {
			isa = PBXNativeTarget;
			buildConfigurationList = 0271810D1D22465000668BDF /* Build configuration list for PBXNativeTarget "MVVMWithRACDemo" */;
			buildPhases = (
				5FE5FF09E338EE6062FCC4B2 /* [CP] Check Pods Manifest.lock */,
				027180DC1D22465000668BDF /* Sources */,
				027180DD1D22465000668BDF /* Frameworks */,
				027180DE1D22465000668BDF /* Resources */,
				615CB9AAFEE3D40FD07A39DA /* [CP] Embed Pods Frameworks */,
				734DF9DE5BC9D830E21E0D67 /* [CP] Copy Pods Resources */,
			);
			buildRules = (
			);
			dependencies = (
			);
			name = MVVMWithRACDemo;
			productName = MVVMWithRACDemo;
			productReference = 027180E01D22465000668BDF /* MVVMWithRACDemo.app */;
			productType = "com.apple.product-type.application";
		};
		027180F81D22465000668BDF /* MVVMWithRACDemoTests */ = {
			isa = PBXNativeTarget;
			buildConfigurationList = 027181101D22465000668BDF /* Build configuration list for PBXNativeTarget "MVVMWithRACDemoTests" */;
			buildPhases = (
				027180F51D22465000668BDF /* Sources */,
				027180F61D22465000668BDF /* Frameworks */,
				027180F71D22465000668BDF /* Resources */,
			);
			buildRules = (
			);
			dependencies = (
				027180FB1D22465000668BDF /* PBXTargetDependency */,
			);
			name = MVVMWithRACDemoTests;
			productName = MVVMWithRACDemoTests;
			productReference = 027180F91D22465000668BDF /* MVVMWithRACDemoTests.xctest */;
			productType = "com.apple.product-type.bundle.unit-test";
		};
		027181031D22465000668BDF /* MVVMWithRACDemoUITests */ = {
			isa = PBXNativeTarget;
			buildConfigurationList = 027181131D22465000668BDF /* Build configuration list for PBXNativeTarget "MVVMWithRACDemoUITests" */;
			buildPhases = (
				027181001D22465000668BDF /* Sources */,
				027181011D22465000668BDF /* Frameworks */,
				027181021D22465000668BDF /* Resources */,
			);
			buildRules = (
			);
			dependencies = (
				027181061D22465000668BDF /* PBXTargetDependency */,
			);
			name = MVVMWithRACDemoUITests;
			productName = MVVMWithRACDemoUITests;
			productReference = 027181041D22465000668BDF /* MVVMWithRACDemoUITests.xctest */;
			productType = "com.apple.product-type.bundle.ui-testing";
		};
/* End PBXNativeTarget section */

/* Begin PBXProject section */
		027180D81D22465000668BDF /* Project object */ = {
			isa = PBXProject;
			attributes = {
				LastUpgradeCheck = 0730;
				ORGANIZATIONNAME = "Shanghai Elephant Financial Services Co., Ltd";
				TargetAttributes = {
					027180DF1D22465000668BDF = {
						CreatedOnToolsVersion = 7.3;
					};
					027180F81D22465000668BDF = {
						CreatedOnToolsVersion = 7.3;
						TestTargetID = 027180DF1D22465000668BDF;
					};
					027181031D22465000668BDF = {
						CreatedOnToolsVersion = 7.3;
						TestTargetID = 027180DF1D22465000668BDF;
					};
				};
			};
			buildConfigurationList = 027180DB1D22465000668BDF /* Build configuration list for PBXProject "MVVMWithRACDemo" */;
			compatibilityVersion = "Xcode 3.2";
			developmentRegion = English;
			hasScannedForEncodings = 0;
			knownRegions = (
				en,
				Base,
			);
			mainGroup = 027180D71D22465000668BDF;
			productRefGroup = 027180E11D22465000668BDF /* Products */;
			projectDirPath = "";
			projectRoot = "";
			targets = (
				027180DF1D22465000668BDF /* MVVMWithRACDemo */,
				027180F81D22465000668BDF /* MVVMWithRACDemoTests */,
				027181031D22465000668BDF /* MVVMWithRACDemoUITests */,
			);
		};
/* End PBXProject section */

/* Begin PBXResourcesBuildPhase section */
		027180DE1D22465000668BDF /* Resources */ = {
			isa = PBXResourcesBuildPhase;
			buildActionMask = 2147483647;
			files = (
				027180F31D22465000668BDF /* LaunchScreen.storyboard in Resources */,
				027180F01D22465000668BDF /* Assets.xcassets in Resources */,
				027180EE1D22465000668BDF /* Main.storyboard in Resources */,
			);
			runOnlyForDeploymentPostprocessing = 0;
		};
		027180F71D22465000668BDF /* Resources */ = {
			isa = PBXResourcesBuildPhase;
			buildActionMask = 2147483647;
			files = (
			);
			runOnlyForDeploymentPostprocessing = 0;
		};
		027181021D22465000668BDF /* Resources */ = {
			isa = PBXResourcesBuildPhase;
			buildActionMask = 2147483647;
			files = (
			);
			runOnlyForDeploymentPostprocessing = 0;
		};
/* End PBXResourcesBuildPhase section */

/* Begin PBXShellScriptBuildPhase section */
		5FE5FF09E338EE6062FCC4B2 /* [CP] Check Pods Manifest.lock */ = {
			isa = PBXShellScriptBuildPhase;
			buildActionMask = 2147483647;
			files = (
			);
			inputPaths = (
			);
			name = "[CP] Check Pods Manifest.lock";
			outputPaths = (
			);
			runOnlyForDeploymentPostprocessing = 0;
			shellPath = /bin/sh;
			shellScript = "diff \"${PODS_ROOT}/../Podfile.lock\" \"${PODS_ROOT}/Manifest.lock\" > /dev/null\nif [[ $? != 0 ]] ; then\n    cat << EOM\nerror: The sandbox is not in sync with the Podfile.lock. Run 'pod install' or update your CocoaPods installation.\nEOM\n    exit 1\nfi\n";
			showEnvVarsInLog = 0;
		};
		615CB9AAFEE3D40FD07A39DA /* [CP] Embed Pods Frameworks */ = {
			isa = PBXShellScriptBuildPhase;
			buildActionMask = 2147483647;
			files = (
			);
			inputPaths = (
			);
			name = "[CP] Embed Pods Frameworks";
			outputPaths = (
			);
			runOnlyForDeploymentPostprocessing = 0;
			shellPath = /bin/sh;
			shellScript = "\"${SRCROOT}/Pods/Target Support Files/Pods-MVVMWithRACDemo/Pods-MVVMWithRACDemo-frameworks.sh\"\n";
			showEnvVarsInLog = 0;
		};
		734DF9DE5BC9D830E21E0D67 /* [CP] Copy Pods Resources */ = {
			isa = PBXShellScriptBuildPhase;
			buildActionMask = 2147483647;
			files = (
			);
			inputPaths = (
			);
			name = "[CP] Copy Pods Resources";
			outputPaths = (
			);
			runOnlyForDeploymentPostprocessing = 0;
			shellPath = /bin/sh;
			shellScript = "\"${SRCROOT}/Pods/Target Support Files/Pods-MVVMWithRACDemo/Pods-MVVMWithRACDemo-resources.sh\"\n";
			showEnvVarsInLog = 0;
		};
/* End PBXShellScriptBuildPhase section */

/* Begin PBXSourcesBuildPhase section */
		027180DC1D22465000668BDF /* Sources */ = {
			isa = PBXSourcesBuildPhase;
			buildActionMask = 2147483647;
			files = (
				027180EB1D22465000668BDF /* ViewController.m in Sources */,
				027180E81D22465000668BDF /* AppDelegate.m in Sources */,
				027180E51D22465000668BDF /* main.m in Sources */,
			);
			runOnlyForDeploymentPostprocessing = 0;
		};
		027180F51D22465000668BDF /* Sources */ = {
			isa = PBXSourcesBuildPhase;
			buildActionMask = 2147483647;
			files = (
				027180FE1D22465000668BDF /* MVVMWithRACDemoTests.m in Sources */,
			);
			runOnlyForDeploymentPostprocessing = 0;
		};
		027181001D22465000668BDF /* Sources */ = {
			isa = PBXSourcesBuildPhase;
			buildActionMask = 2147483647;
			files = (
				027181091D22465000668BDF /* MVVMWithRACDemoUITests.m in Sources */,
			);
			runOnlyForDeploymentPostprocessing = 0;
		};
/* End PBXSourcesBuildPhase section */

/* Begin PBXTargetDependency section */
		027180FB1D22465000668BDF /* PBXTargetDependency */ = {
			isa = PBXTargetDependency;
			target = 027180DF1D22465000668BDF /* MVVMWithRACDemo */;
			targetProxy = 027180FA1D22465000668BDF /* PBXContainerItemProxy */;
		};
		027181061D22465000668BDF /* PBXTargetDependency */ = {
			isa = PBXTargetDependency;
			target = 027180DF1D22465000668BDF /* MVVMWithRACDemo */;
			targetProxy = 027181051D22465000668BDF /* PBXContainerItemProxy */;
		};
/* End PBXTargetDependency section */

/* Begin PBXVariantGroup section */
		027180EC1D22465000668BDF /* Main.storyboard */ = {
			isa = PBXVariantGroup;
			children = (
				027180ED1D22465000668BDF /* Base */,
			);
			name = Main.storyboard;
			sourceTree = "<group>";
		};
		027180F11D22465000668BDF /* LaunchScreen.storyboard */ = {
			isa = PBXVariantGroup;
			children = (
				027180F21D22465000668BDF /* Base */,
			);
			name = LaunchScreen.storyboard;
			sourceTree = "<group>";
		};
/* End PBXVariantGroup section */

/* Begin XCBuildConfiguration section */
		0271810B1D22465000668BDF /* Debug */ = {
			isa = XCBuildConfiguration;
			buildSettings = {
				ALWAYS_SEARCH_USER_PATHS = NO;
				CLANG_ANALYZER_NONNULL = YES;
				CLANG_CXX_LANGUAGE_STANDARD = "gnu++0x";
				CLANG_CXX_LIBRARY = "libc++";
				CLANG_ENABLE_MODULES = YES;
				CLANG_ENABLE_OBJC_ARC = YES;
				CLANG_WARN_BOOL_CONVERSION = YES;
				CLANG_WARN_CONSTANT_CONVERSION = YES;
				CLANG_WARN_DIRECT_OBJC_ISA_USAGE = YES_ERROR;
				CLANG_WARN_EMPTY_BODY = YES;
				CLANG_WARN_ENUM_CONVERSION = YES;
				CLANG_WARN_INT_CONVERSION = YES;
				CLANG_WARN_OBJC_ROOT_CLASS = YES_ERROR;
				CLANG_WARN_UNREACHABLE_CODE = YES;
				CLANG_WARN__DUPLICATE_METHOD_MATCH = YES;
				"CODE_SIGN_IDENTITY[sdk=iphoneos*]" = "iPhone Developer";
				COPY_PHASE_STRIP = NO;
				DEBUG_INFORMATION_FORMAT = dwarf;
				ENABLE_STRICT_OBJC_MSGSEND = YES;
				ENABLE_TESTABILITY = YES;
				GCC_C_LANGUAGE_STANDARD = gnu99;
				GCC_DYNAMIC_NO_PIC = NO;
				GCC_NO_COMMON_BLOCKS = YES;
				GCC_OPTIMIZATION_LEVEL = 0;
				GCC_PREPROCESSOR_DEFINITIONS = (
					"DEBUG=1",
					"$(inherited)",
				);
				GCC_WARN_64_TO_32_BIT_CONVERSION = YES;
				GCC_WARN_ABOUT_RETURN_TYPE = YES_ERROR;
				GCC_WARN_UNDECLARED_SELECTOR = YES;
				GCC_WARN_UNINITIALIZED_AUTOS = YES_AGGRESSIVE;
				GCC_WARN_UNUSED_FUNCTION = YES;
				GCC_WARN_UNUSED_VARIABLE = YES;
				IPHONEOS_DEPLOYMENT_TARGET = 9.3;
				MTL_ENABLE_DEBUG_INFO = YES;
				ONLY_ACTIVE_ARCH = YES;
				SDKROOT = iphoneos;
				TARGETED_DEVICE_FAMILY = "1,2";
			};
			name = Debug;
		};
		0271810C1D22465000668BDF /* Release */ = {
			isa = XCBuildConfiguration;
			buildSettings = {
				ALWAYS_SEARCH_USER_PATHS = NO;
				CLANG_ANALYZER_NONNULL = YES;
				CLANG_CXX_LANGUAGE_STANDARD = "gnu++0x";
				CLANG_CXX_LIBRARY = "libc++";
				CLANG_ENABLE_MODULES = YES;
				CLANG_ENABLE_OBJC_ARC = YES;
				CLANG_WARN_BOOL_CONVERSION = YES;
				CLANG_WARN_CONSTANT_CONVERSION = YES;
				CLANG_WARN_DIRECT_OBJC_ISA_USAGE = YES_ERROR;
				CLANG_WARN_EMPTY_BODY = YES;
				CLANG_WARN_ENUM_CONVERSION = YES;
				CLANG_WARN_INT_CONVERSION = YES;
				CLANG_WARN_OBJC_ROOT_CLASS = YES_ERROR;
				CLANG_WARN_UNREACHABLE_CODE = YES;
				CLANG_WARN__DUPLICATE_METHOD_MATCH = YES;
				"CODE_SIGN_IDENTITY[sdk=iphoneos*]" = "iPhone Developer";
				COPY_PHASE_STRIP = NO;
				DEBUG_INFORMATION_FORMAT = "dwarf-with-dsym";
				ENABLE_NS_ASSERTIONS = NO;
				ENABLE_STRICT_OBJC_MSGSEND = YES;
				GCC_C_LANGUAGE_STANDARD = gnu99;
				GCC_NO_COMMON_BLOCKS = YES;
				GCC_WARN_64_TO_32_BIT_CONVERSION = YES;
				GCC_WARN_ABOUT_RETURN_TYPE = YES_ERROR;
				GCC_WARN_UNDECLARED_SELECTOR = YES;
				GCC_WARN_UNINITIALIZED_AUTOS = YES_AGGRESSIVE;
				GCC_WARN_UNUSED_FUNCTION = YES;
				GCC_WARN_UNUSED_VARIABLE = YES;
				IPHONEOS_DEPLOYMENT_TARGET = 9.3;
				MTL_ENABLE_DEBUG_INFO = NO;
				SDKROOT = iphoneos;
				TARGETED_DEVICE_FAMILY = "1,2";
				VALIDATE_PRODUCT = YES;
			};
			name = Release;
		};
		0271810E1D22465000668BDF /* Debug */ = {
			isa = XCBuildConfiguration;
			baseConfigurationReference = AB41187F862FE86162C6C307 /* Pods-MVVMWithRACDemo.debug.xcconfig */;
			buildSettings = {
				ASSETCATALOG_COMPILER_APPICON_NAME = AppIcon;
				INFOPLIST_FILE = MVVMWithRACDemo/Info.plist;
				LD_RUNPATH_SEARCH_PATHS = "$(inherited) @executable_path/Frameworks";
				PRODUCT_BUNDLE_IDENTIFIER = YTX.MVVMWithRACDemo;
				PRODUCT_NAME = "$(TARGET_NAME)";
			};
			name = Debug;
		};
		0271810F1D22465000668BDF /* Release */ = {
			isa = XCBuildConfiguration;
			baseConfigurationReference = 4F782995517FACE2C32320B7 /* Pods-MVVMWithRACDemo.release.xcconfig */;
			buildSettings = {
				ASSETCATALOG_COMPILER_APPICON_NAME = AppIcon;
				INFOPLIST_FILE = MVVMWithRACDemo/Info.plist;
				LD_RUNPATH_SEARCH_PATHS = "$(inherited) @executable_path/Frameworks";
				PRODUCT_BUNDLE_IDENTIFIER = YTX.MVVMWithRACDemo;
				PRODUCT_NAME = "$(TARGET_NAME)";
			};
			name = Release;
		};
		027181111D22465000668BDF /* Debug */ = {
			isa = XCBuildConfiguration;
			buildSettings = {
				BUNDLE_LOADER = "$(TEST_HOST)";
				INFOPLIST_FILE = MVVMWithRACDemoTests/Info.plist;
				LD_RUNPATH_SEARCH_PATHS = "$(inherited) @executable_path/Frameworks @loader_path/Frameworks";
				PRODUCT_BUNDLE_IDENTIFIER = YTX.MVVMWithRACDemoTests;
				PRODUCT_NAME = "$(TARGET_NAME)";
				TEST_HOST = "$(BUILT_PRODUCTS_DIR)/MVVMWithRACDemo.app/MVVMWithRACDemo";
			};
			name = Debug;
		};
		027181121D22465000668BDF /* Release */ = {
			isa = XCBuildConfiguration;
			buildSettings = {
				BUNDLE_LOADER = "$(TEST_HOST)";
				INFOPLIST_FILE = MVVMWithRACDemoTests/Info.plist;
				LD_RUNPATH_SEARCH_PATHS = "$(inherited) @executable_path/Frameworks @loader_path/Frameworks";
				PRODUCT_BUNDLE_IDENTIFIER = YTX.MVVMWithRACDemoTests;
				PRODUCT_NAME = "$(TARGET_NAME)";
				TEST_HOST = "$(BUILT_PRODUCTS_DIR)/MVVMWithRACDemo.app/MVVMWithRACDemo";
			};
			name = Release;
		};
		027181141D22465000668BDF /* Debug */ = {
			isa = XCBuildConfiguration;
			buildSettings = {
				INFOPLIST_FILE = MVVMWithRACDemoUITests/Info.plist;
				LD_RUNPATH_SEARCH_PATHS = "$(inherited) @executable_path/Frameworks @loader_path/Frameworks";
				PRODUCT_BUNDLE_IDENTIFIER = YTX.MVVMWithRACDemoUITests;
				PRODUCT_NAME = "$(TARGET_NAME)";
				TEST_TARGET_NAME = MVVMWithRACDemo;
			};
			name = Debug;
		};
		027181151D22465000668BDF /* Release */ = {
			isa = XCBuildConfiguration;
			buildSettings = {
				INFOPLIST_FILE = MVVMWithRACDemoUITests/Info.plist;
				LD_RUNPATH_SEARCH_PATHS = "$(inherited) @executable_path/Frameworks @loader_path/Frameworks";
				PRODUCT_BUNDLE_IDENTIFIER = YTX.MVVMWithRACDemoUITests;
				PRODUCT_NAME = "$(TARGET_NAME)";
				TEST_TARGET_NAME = MVVMWithRACDemo;
			};
			name = Release;
		};
/* End XCBuildConfiguration section */

/* Begin XCConfigurationList section */
		027180DB1D22465000668BDF /* Build configuration list for PBXProject "MVVMWithRACDemo" */ = {
			isa = XCConfigurationList;
			buildConfigurations = (
				0271810B1D22465000668BDF /* Debug */,
				0271810C1D22465000668BDF /* Release */,
			);
			defaultConfigurationIsVisible = 0;
			defaultConfigurationName = Release;
		};
		0271810D1D22465000668BDF /* Build configuration list for PBXNativeTarget "MVVMWithRACDemo" */ = {
			isa = XCConfigurationList;
			buildConfigurations = (
				0271810E1D22465000668BDF /* Debug */,
				0271810F1D22465000668BDF /* Release */,
			);
			defaultConfigurationIsVisible = 0;
			defaultConfigurationName = Release;
		};
		027181101D22465000668BDF /* Build configuration list for PBXNativeTarget "MVVMWithRACDemoTests" */ = {
			isa = XCConfigurationList;
			buildConfigurations = (
				027181111D22465000668BDF /* Debug */,
				027181121D22465000668BDF /* Release */,
			);
			defaultConfigurationIsVisible = 0;
			defaultConfigurationName = Release;
		};
		027181131D22465000668BDF /* Build configuration list for PBXNativeTarget "MVVMWithRACDemoUITests" */ = {
			isa = XCConfigurationList;
			buildConfigurations = (
				027181141D22465000668BDF /* Debug */,
				027181151D22465000668BDF /* Release */,
			);
			defaultConfigurationIsVisible = 0;
			defaultConfigurationName = Release;
		};
/* End XCConfigurationList section */
	};
	rootObject = 027180D81D22465000668BDF /* Project object */;
}
